
Microsoft Visual Studio Solution File, Format Version 11.00
# Visual Studio 2010
Project("{FAE04EC0-301F-11D3-BF4B-00C04F79EFBC}") = "alfa2_Sinergia", "alfa2_Sinergia\alfa2_Sinergia.csproj", "{1ECD978F-8F91-4E71-A7DD-FE8F3F54221B}"
EndProject
Project("{FAE04EC0-301F-11D3-BF4B-00C04F79EFBC}") = "Biblioteca", "Biblioteca\Biblioteca.csproj", "{BFBEA552-7E09-41DC-9494-EEAF24A05B04}"
EndProject
Global
	GlobalSection(SolutionConfigurationPlatforms) = preSolution
		Debug|Any CPU = Debug|Any CPU
		Debug|Mixed Platforms = Debug|Mixed Platforms
		Debug|x86 = Debug|x86
		Release|Any CPU = Release|Any CPU
		Release|Mixed Platforms = Release|Mixed Platforms
		Release|x86 = Release|x86
	EndGlobalSection
	GlobalSection(ProjectConfigurationPlatforms) = postSolution
		{1ECD978F-8F91-4E71-A7DD-FE8F3F54221B}.Debug|Any CPU.ActiveCfg = Debug|x86
		{1ECD978F-8F91-4E71-A7DD-FE8F3F54221B}.Debug|Mixed Platforms.ActiveCfg = Debug|x86
		{1ECD978F-8F91-4E71-A7DD-FE8F3F54221B}.Debug|Mixed Platforms.Build.0 = Debug|x86
		{1ECD978F-8F91-4E71-A7DD-FE8F3F54221B}.Debug|x86.ActiveCfg = Debug|x86
		{1ECD978F-8F91-4E71-A7DD-FE8F3F54221B}.Debug|x86.Build.0 = Debug|x86
		{1ECD978F-8F91-4E71-A7DD-FE8F3F54221B}.Release|Any CPU.ActiveCfg = Release|x86
		{1ECD978F-8F91-4E71-A7DD-FE8F3F54221B}.Release|Mixed Platforms.ActiveCfg = Release|x86
		{1ECD978F-8F91-4E71-A7DD-FE8F3F54221B}.Release|Mixed Platforms.Build.0 = Release|x86
		{1ECD978F-8F91-4E71-A7DD-FE8F3F54221B}.Release|x86.ActiveCfg = Release|x86
		{1ECD978F-8F91-4E71-A7DD-FE8F3F54221B}.Release|x86.Build.0 = Release|x86
		{BFBEA552-7E09-41DC-9494-EEAF24A05B04}.Debug|Any CPU.ActiveCfg = Debug|Any CPU
		{BFBEA552-7E09-41DC-9494-EEAF24A05B04}.Debug|Any CPU.Build.0 = Debug|Any CPU
		{BFBEA552-7E09-41DC-9494-EEAF24A05B04}.Debug|Mixed Platforms.ActiveCfg = Debug|Any CPU
		{BFBEA552-7E09-41DC-9494-EEAF24A05B04}.Debug|Mixed Platforms.Build.0 = Debug|Any CPU
		{BFBEA552-7E09-41DC-9494-EEAF24A05B04}.Debug|x86.ActiveCfg = Debug|Any CPU
		{BFBEA552-7E09-41DC-9494-EEAF24A05B04}.Release|Any CPU.ActiveCfg = Release|Any CPU
		{BFBEA552-7E09-41DC-9494-EEAF24A05B04}.Release|Any CPU.Build.0 = Release|Any CPU
		{BFBEA552-7E09-41DC-9494-EEAF24A05B04}.Release|Mixed Platforms.ActiveCfg = Release|Any CPU
		{BFBEA552-7E09-41DC-9494-EEAF24A05B04}.Release|Mixed Platforms.Build.0 = Release|Any CPU
		{BFBEA552-7E09-41DC-9494-EEAF24A05B04}.Release|x86.ActiveCfg = Release|Any CPU
	EndGlobalSection
	GlobalSection(SolutionProperties) = preSolution
		HideSolutionNode = FALSE
	EndGlobalSection
EndGlobal
